
Microsoft Visual Studio Solution File, Format Version 9.00
# Visual Studio 2005
Project("{8BC9CEB8-8B4A-11D0-8D11-00A0C91BC942}") = "trdp-xmlprint-test", "trdp-xmlprint-test.vcproj", "{C9C4B9B1-EE42-4D8C-BED8-FD483912EFF2}"
	ProjectSection(ProjectDependencies) = postProject
		{DA0967D7-832E-43E4-A5C6-38F1855BE0CD} = {DA0967D7-832E-43E4-A5C6-38F1855BE0CD}
	EndProjectSection
EndProject
Project("{8BC9CEB8-8B4A-11D0-8D11-00A0C91BC942}") = "trdp-xmlpd-test", "trdp-xmlpd-test.vcproj", "{5D1178E6-CC15-448D-85AB-C6DAF86664F9}"
	ProjectSection(ProjectDependencies) = postProject
		{DA0967D7-832E-43E4-A5C6-38F1855BE0CD} = {DA0967D7-832E-43E4-A5C6-38F1855BE0CD}
	EndProjectSection
EndProject
Project("{8BC9CEB8-8B4A-11D0-8D11-00A0C91BC942}") = "trdp-light-xml", "..\Win32TRDP\Win32TRDP_VS8_xml.vcproj", "{DA0967D7-832E-43E4-A5C6-38F1855BE0CD}"
EndProject
Project("{8BC9CEB8-8B4A-11D0-8D11-00A0C91BC942}") = "trdp-xmlmd-test", "trdp-xmlmd-test.vcproj", "{B1470EF8-67D8-47D3-98A5-D629D97209DB}"
	ProjectSection(ProjectDependencies) = postProject
		{DA0967D7-832E-43E4-A5C6-38F1855BE0CD} = {DA0967D7-832E-43E4-A5C6-38F1855BE0CD}
	EndProjectSection
EndProject
Global
	GlobalSection(SolutionConfigurationPlatforms) = preSolution
		Debug|Win32 = Debug|Win32
		Release|Win32 = Release|Win32
	EndGlobalSection
	GlobalSection(ProjectConfigurationPlatforms) = postSolution
		{C9C4B9B1-EE42-4D8C-BED8-FD483912EFF2}.Debug|Win32.ActiveCfg = Debug|Win32
		{C9C4B9B1-EE42-4D8C-BED8-FD483912EFF2}.Debug|Win32.Build.0 = Debug|Win32
		{C9C4B9B1-EE42-4D8C-BED8-FD483912EFF2}.Release|Win32.ActiveCfg = Release|Win32
		{C9C4B9B1-EE42-4D8C-BED8-FD483912EFF2}.Release|Win32.Build.0 = Release|Win32
		{5D1178E6-CC15-448D-85AB-C6DAF86664F9}.Debug|Win32.ActiveCfg = Debug|Win32
		{5D1178E6-CC15-448D-85AB-C6DAF86664F9}.Debug|Win32.Build.0 = Debug|Win32
		{5D1178E6-CC15-448D-85AB-C6DAF86664F9}.Release|Win32.ActiveCfg = Release|Win32
		{5D1178E6-CC15-448D-85AB-C6DAF86664F9}.Release|Win32.Build.0 = Release|Win32
		{DA0967D7-832E-43E4-A5C6-38F1855BE0CD}.Debug|Win32.ActiveCfg = Debug|Win32
		{DA0967D7-832E-43E4-A5C6-38F1855BE0CD}.Debug|Win32.Build.0 = Debug|Win32
		{DA0967D7-832E-43E4-A5C6-38F1855BE0CD}.Release|Win32.ActiveCfg = Release|Win32
		{DA0967D7-832E-43E4-A5C6-38F1855BE0CD}.Release|Win32.Build.0 = Release|Win32
		{B1470EF8-67D8-47D3-98A5-D629D97209DB}.Debug|Win32.ActiveCfg = Debug|Win32
		{B1470EF8-67D8-47D3-98A5-D629D97209DB}.Debug|Win32.Build.0 = Debug|Win32
		{B1470EF8-67D8-47D3-98A5-D629D97209DB}.Release|Win32.ActiveCfg = Release|Win32
		{B1470EF8-67D8-47D3-98A5-D629D97209DB}.Release|Win32.Build.0 = Release|Win32
	EndGlobalSection
	GlobalSection(SolutionProperties) = preSolution
		HideSolutionNode = FALSE
	EndGlobalSection
EndGlobal
