Microsoft Visual Studio Solution File, Format Version 12.00
# Visual Studio Version 16
VisualStudioVersion = 16.0.31529.145
MinimumVisualStudioVersion = 10.0.40219.1
Project("{8BC9CEB8-8B4A-11D0-8D11-00A0C91BC942}") = "TRDP_Tests", "TRDP_Tests\TRDP_Tests.vcxproj", "{8238C177-25D0-42E3-AD8E-3A4E61CFA079}"
	ProjectSection(ProjectDependencies) = postProject
		{55FA6B4F-4D5A-4F49-8CB7-5DACDAEF44D6} = {55FA6B4F-4D5A-4F49-8CB7-5DACDAEF44D6}
		{4E059552-03FF-4EE4-A868-C2253289E9F6} = {4E059552-03FF-4EE4-A868-C2253289E9F6}
	EndProjectSection
EndProject
Project("{8BC9CEB8-8B4A-11D0-8D11-00A0C91BC942}") = "TRDP_PDTest", "TRDP_PDTest\TRDP_PDTest.vcxproj", "{EF516E67-31DF-402D-8910-813FDF55965C}"
	ProjectSection(ProjectDependencies) = postProject
		{4E059552-03FF-4EE4-A868-C2253289E9F6} = {4E059552-03FF-4EE4-A868-C2253289E9F6}
	EndProjectSection
EndProject
Project("{8BC9CEB8-8B4A-11D0-8D11-00A0C91BC942}") = "TRDP_XMLPDTest", "TRDP_XMLPDTest\TRDP_XMLPDTest.vcxproj", "{DDBD7C18-B718-472C-8D18-BE40D887DD7C}"
	ProjectSection(ProjectDependencies) = postProject
		{4E059552-03FF-4EE4-A868-C2253289E9F6} = {4E059552-03FF-4EE4-A868-C2253289E9F6}
	EndProjectSection
EndProject
Project("{8BC9CEB8-8B4A-11D0-8D11-00A0C91BC942}") = "TRDP_XMLPrintTest", "TRDP_XMLPrintTest\TRDP_XMLPrintTest.vcxproj", "{DAFEC8FC-11D2-4134-8BD5-AE62EDF07B25}"
	ProjectSection(ProjectDependencies) = postProject
		{4E059552-03FF-4EE4-A868-C2253289E9F6} = {4E059552-03FF-4EE4-A868-C2253289E9F6}
	EndProjectSection
EndProject
Project("{8BC9CEB8-8B4A-11D0-8D11-00A0C91BC942}") = "TRDP_MarshallTest", "TRDP_MarshallTest\TRDP_MarshallTest.vcxproj", "{56100B24-1CD7-4767-8972-83CB14931DB6}"
	ProjectSection(ProjectDependencies) = postProject
		{4E059552-03FF-4EE4-A868-C2253289E9F6} = {4E059552-03FF-4EE4-A868-C2253289E9F6}
	EndProjectSection
EndProject
Project("{8BC9CEB8-8B4A-11D0-8D11-00A0C91BC942}") = "TRDP_TrafficShapingTest", "TRDP_TrafficShapingTest\TRDP_TrafficShapingTest.vcxproj", "{4023DD57-7FE6-4DE8-8A2A-030D2DEAAA55}"
	ProjectSection(ProjectDependencies) = postProject
		{4E059552-03FF-4EE4-A868-C2253289E9F6} = {4E059552-03FF-4EE4-A868-C2253289E9F6}
	EndProjectSection
EndProject
Project("{8BC9CEB8-8B4A-11D0-8D11-00A0C91BC942}") = "TRDP_StatisticsTest", "TRDP_StatisticsTest\TRDP_StatisticsTest.vcxproj", "{70FE6320-198B-41BF-BD97-9A69E96332CD}"
	ProjectSection(ProjectDependencies) = postProject
		{4E059552-03FF-4EE4-A868-C2253289E9F6} = {4E059552-03FF-4EE4-A868-C2253289E9F6}
	EndProjectSection
EndProject
Project("{8BC9CEB8-8B4A-11D0-8D11-00A0C91BC942}") = "TRDP_MDTest", "TRDP_MDTest\TRDP_MDTest.vcxproj", "{C9301603-1FDE-4D2E-9BC0-2FDCAE2A6B10}"
	ProjectSection(ProjectDependencies) = postProject
		{4E059552-03FF-4EE4-A868-C2253289E9F6} = {4E059552-03FF-4EE4-A868-C2253289E9F6}
	EndProjectSection
EndProject
Project("{8BC9CEB8-8B4A-11D0-8D11-00A0C91BC942}") = "TRDP_DLL", "TRDP_DLL\TRDP_DLL.vcxproj", "{55FA6B4F-4D5A-4F49-8CB7-5DACDAEF44D6}"
EndProject
Project("{8BC9CEB8-8B4A-11D0-8D11-00A0C91BC942}") = "TRDP_PDTest_CB", "TRDP_PDTest_CB\TRDP_PDTest_CB.vcxproj", "{A6883595-5C57-4EE3-8F49-684980BDF224}"
	ProjectSection(ProjectDependencies) = postProject
		{4E059552-03FF-4EE4-A868-C2253289E9F6} = {4E059552-03FF-4EE4-A868-C2253289E9F6}
	EndProjectSection
EndProject
Project("{8BC9CEB8-8B4A-11D0-8D11-00A0C91BC942}") = "TRDP_MDRepetitionCaller", "TRDP_MDRepetitionCaller\TRDP_MDRepetitionCaller.vcxproj", "{8A3D314A-FCC4-44A1-8AFC-8A22E5F2C41F}"
	ProjectSection(ProjectDependencies) = postProject
		{4E059552-03FF-4EE4-A868-C2253289E9F6} = {4E059552-03FF-4EE4-A868-C2253289E9F6}
	EndProjectSection
EndProject
Project("{8BC9CEB8-8B4A-11D0-8D11-00A0C91BC942}") = "TRDP_MDRepetitionReplier", "TRDP_MDRepetitionReplier\TRDP_MDRepetitionReplier.vcxproj", "{2F22C2C5-4830-4D4B-8DF7-8E5E8874F6EF}"
	ProjectSection(ProjectDependencies) = postProject
		{4E059552-03FF-4EE4-A868-C2253289E9F6} = {4E059552-03FF-4EE4-A868-C2253289E9F6}
	EndProjectSection
EndProject
Project("{8BC9CEB8-8B4A-11D0-8D11-00A0C91BC942}") = "TRDP_MDTestBasic", "TRDP_MDTestBasic\TRDP_MDTestBasic.vcxproj", "{43B964A9-9C58-4E78-BA2B-BC6CC7651E10}"
	ProjectSection(ProjectDependencies) = postProject
		{4E059552-03FF-4EE4-A868-C2253289E9F6} = {4E059552-03FF-4EE4-A868-C2253289E9F6}
	EndProjectSection
EndProject
Project("{8BC9CEB8-8B4A-11D0-8D11-00A0C91BC942}") = "TRDP_VOSTest", "TRDP_VOSTest\TRDP_VOSTest.vcxproj", "{CB425547-5F21-4E5F-AACF-9894E753D192}"
	ProjectSection(ProjectDependencies) = postProject
		{4E059552-03FF-4EE4-A868-C2253289E9F6} = {4E059552-03FF-4EE4-A868-C2253289E9F6}
	EndProjectSection
EndProject
Project("{8BC9CEB8-8B4A-11D0-8D11-00A0C91BC942}") = "TRDP", "TRDP\TRDP.vcxproj", "{4E059552-03FF-4EE4-A868-C2253289E9F6}"
EndProject
Project("{8BC9CEB8-8B4A-11D0-8D11-00A0C91BC942}") = "TRDP_HighPerformance", "TRDP_HighPerformance\TRDP_HighPerformance.vcxproj", "{816CD0D9-C99D-40B9-94BB-56D979BA9AF9}"
EndProject
Project("{8BC9CEB8-8B4A-11D0-8D11-00A0C91BC942}") = "TRDP_LocalTest2", "TRDP_LocalTest2\TRDP_LocalTest2.vcxproj", "{CFBFD1F6-D645-48FF-83CD-AD9097AAB97E}"
	ProjectSection(ProjectDependencies) = postProject
		{816CD0D9-C99D-40B9-94BB-56D979BA9AF9} = {816CD0D9-C99D-40B9-94BB-56D979BA9AF9}
	EndProjectSection
EndProject
Project("{8BC9CEB8-8B4A-11D0-8D11-00A0C91BC942}") = "TRDP_XMLPDTestFast", "TRDP_XMLPDTestFast\TRDP_XMLPDTestFast.vcxproj", "{871C2971-2155-4FD6-BFAB-0FABAFEC0633}"
	ProjectSection(ProjectDependencies) = postProject
		{816CD0D9-C99D-40B9-94BB-56D979BA9AF9} = {816CD0D9-C99D-40B9-94BB-56D979BA9AF9}
	EndProjectSection
EndProject
Project("{8BC9CEB8-8B4A-11D0-8D11-00A0C91BC942}") = "TRDP_PDTestFast", "TRDP_PDTestFast\TRDP_PDTestFast.vcxproj", "{36D915A4-13D2-4EFC-8F6C-A191CD865830}"
	ProjectSection(ProjectDependencies) = postProject
		{816CD0D9-C99D-40B9-94BB-56D979BA9AF9} = {816CD0D9-C99D-40B9-94BB-56D979BA9AF9}
	EndProjectSection
EndProject
Project("{8BC9CEB8-8B4A-11D0-8D11-00A0C91BC942}") = "TRDP_MDTestFast", "TRDP_MDTestFast\TRDP_MDTestFast.vcxproj", "{DEE1EDCD-2803-4AC8-ADC4-C8085E7F1509}"
	ProjectSection(ProjectDependencies) = postProject
		{816CD0D9-C99D-40B9-94BB-56D979BA9AF9} = {816CD0D9-C99D-40B9-94BB-56D979BA9AF9}
	EndProjectSection
EndProject
Global
	GlobalSection(SolutionConfigurationPlatforms) = preSolution
		Debug|x64 = Debug|x64
		Debug|x86 = Debug|x86
		DebugSim|x64 = DebugSim|x64
		DebugSim|x86 = DebugSim|x86
		DebugSimTSN|x64 = DebugSimTSN|x64
		DebugSimTSN|x86 = DebugSimTSN|x86
		Release|x64 = Release|x64
		Release|x86 = Release|x86
		ReleaseSim|x64 = ReleaseSim|x64
		ReleaseSim|x86 = ReleaseSim|x86
	EndGlobalSection
	GlobalSection(ProjectConfigurationPlatforms) = postSolution
		{8238C177-25D0-42E3-AD8E-3A4E61CFA079}.Debug|x64.ActiveCfg = Debug|x64
		{8238C177-25D0-42E3-AD8E-3A4E61CFA079}.Debug|x64.Build.0 = Debug|x64
		{8238C177-25D0-42E3-AD8E-3A4E61CFA079}.Debug|x86.ActiveCfg = Debug|Win32
		{8238C177-25D0-42E3-AD8E-3A4E61CFA079}.Debug|x86.Build.0 = Debug|Win32
		{8238C177-25D0-42E3-AD8E-3A4E61CFA079}.DebugSim|x64.ActiveCfg = DebugSim|x64
		{8238C177-25D0-42E3-AD8E-3A4E61CFA079}.DebugSim|x64.Build.0 = DebugSim|x64
		{8238C177-25D0-42E3-AD8E-3A4E61CFA079}.DebugSim|x86.ActiveCfg = DebugSim|Win32
		{8238C177-25D0-42E3-AD8E-3A4E61CFA079}.DebugSim|x86.Build.0 = DebugSim|Win32
		{8238C177-25D0-42E3-AD8E-3A4E61CFA079}.DebugSimTSN|x64.ActiveCfg = DebugSim|x64
		{8238C177-25D0-42E3-AD8E-3A4E61CFA079}.DebugSimTSN|x64.Build.0 = DebugSim|x64
		{8238C177-25D0-42E3-AD8E-3A4E61CFA079}.DebugSimTSN|x86.ActiveCfg = DebugSim|Win32
		{8238C177-25D0-42E3-AD8E-3A4E61CFA079}.DebugSimTSN|x86.Build.0 = DebugSim|Win32
		{8238C177-25D0-42E3-AD8E-3A4E61CFA079}.Release|x64.ActiveCfg = Release|x64
		{8238C177-25D0-42E3-AD8E-3A4E61CFA079}.Release|x64.Build.0 = Release|x64
		{8238C177-25D0-42E3-AD8E-3A4E61CFA079}.Release|x86.ActiveCfg = Release|Win32
		{8238C177-25D0-42E3-AD8E-3A4E61CFA079}.Release|x86.Build.0 = Release|Win32
		{8238C177-25D0-42E3-AD8E-3A4E61CFA079}.ReleaseSim|x64.ActiveCfg = ReleaseSim|x64
		{8238C177-25D0-42E3-AD8E-3A4E61CFA079}.ReleaseSim|x64.Build.0 = ReleaseSim|x64
		{8238C177-25D0-42E3-AD8E-3A4E61CFA079}.ReleaseSim|x86.ActiveCfg = ReleaseSim|Win32
		{8238C177-25D0-42E3-AD8E-3A4E61CFA079}.ReleaseSim|x86.Build.0 = ReleaseSim|Win32
		{EF516E67-31DF-402D-8910-813FDF55965C}.Debug|x64.ActiveCfg = Debug|x64
		{EF516E67-31DF-402D-8910-813FDF55965C}.Debug|x64.Build.0 = Debug|x64
		{EF516E67-31DF-402D-8910-813FDF55965C}.Debug|x86.ActiveCfg = Debug|Win32
		{EF516E67-31DF-402D-8910-813FDF55965C}.Debug|x86.Build.0 = Debug|Win32
		{EF516E67-31DF-402D-8910-813FDF55965C}.DebugSim|x64.ActiveCfg = DebugSim|x64
		{EF516E67-31DF-402D-8910-813FDF55965C}.DebugSim|x64.Build.0 = DebugSim|x64
		{EF516E67-31DF-402D-8910-813FDF55965C}.DebugSim|x86.ActiveCfg = DebugSim|Win32
		{EF516E67-31DF-402D-8910-813FDF55965C}.DebugSim|x86.Build.0 = DebugSim|Win32
		{EF516E67-31DF-402D-8910-813FDF55965C}.DebugSimTSN|x64.ActiveCfg = DebugSim|x64
		{EF516E67-31DF-402D-8910-813FDF55965C}.DebugSimTSN|x64.Build.0 = DebugSim|x64
		{EF516E67-31DF-402D-8910-813FDF55965C}.DebugSimTSN|x86.ActiveCfg = DebugSimTSN|Win32
		{EF516E67-31DF-402D-8910-813FDF55965C}.DebugSimTSN|x86.Build.0 = DebugSimTSN|Win32
		{EF516E67-31DF-402D-8910-813FDF55965C}.Release|x64.ActiveCfg = Release|x64
		{EF516E67-31DF-402D-8910-813FDF55965C}.Release|x64.Build.0 = Release|x64
		{EF516E67-31DF-402D-8910-813FDF55965C}.Release|x86.ActiveCfg = Release|Win32
		{EF516E67-31DF-402D-8910-813FDF55965C}.Release|x86.Build.0 = Release|Win32
		{EF516E67-31DF-402D-8910-813FDF55965C}.ReleaseSim|x64.ActiveCfg = ReleaseSim|x64
		{EF516E67-31DF-402D-8910-813FDF55965C}.ReleaseSim|x64.Build.0 = ReleaseSim|x64
		{EF516E67-31DF-402D-8910-813FDF55965C}.ReleaseSim|x86.ActiveCfg = ReleaseSim|Win32
		{EF516E67-31DF-402D-8910-813FDF55965C}.ReleaseSim|x86.Build.0 = ReleaseSim|Win32
		{DDBD7C18-B718-472C-8D18-BE40D887DD7C}.Debug|x64.ActiveCfg = Debug|x64
		{DDBD7C18-B718-472C-8D18-BE40D887DD7C}.Debug|x64.Build.0 = Debug|x64
		{DDBD7C18-B718-472C-8D18-BE40D887DD7C}.Debug|x86.ActiveCfg = Debug|Win32
		{DDBD7C18-B718-472C-8D18-BE40D887DD7C}.Debug|x86.Build.0 = Debug|Win32
		{DDBD7C18-B718-472C-8D18-BE40D887DD7C}.DebugSim|x64.ActiveCfg = DebugSim|x64
		{DDBD7C18-B718-472C-8D18-BE40D887DD7C}.DebugSim|x64.Build.0 = DebugSim|x64
		{DDBD7C18-B718-472C-8D18-BE40D887DD7C}.DebugSim|x86.ActiveCfg = DebugSim|Win32
		{DDBD7C18-B718-472C-8D18-BE40D887DD7C}.DebugSim|x86.Build.0 = DebugSim|Win32
		{DDBD7C18-B718-472C-8D18-BE40D887DD7C}.DebugSimTSN|x64.ActiveCfg = DebugSim|x64
		{DDBD7C18-B718-472C-8D18-BE40D887DD7C}.DebugSimTSN|x64.Build.0 = DebugSim|x64
		{DDBD7C18-B718-472C-8D18-BE40D887DD7C}.DebugSimTSN|x86.ActiveCfg = DebugSim|Win32
		{DDBD7C18-B718-472C-8D18-BE40D887DD7C}.DebugSimTSN|x86.Build.0 = DebugSim|Win32
		{DDBD7C18-B718-472C-8D18-BE40D887DD7C}.Release|x64.ActiveCfg = Release|x64
		{DDBD7C18-B718-472C-8D18-BE40D887DD7C}.Release|x64.Build.0 = Release|x64
		{DDBD7C18-B718-472C-8D18-BE40D887DD7C}.Release|x86.ActiveCfg = Release|Win32
		{DDBD7C18-B718-472C-8D18-BE40D887DD7C}.Release|x86.Build.0 = Release|Win32
		{DDBD7C18-B718-472C-8D18-BE40D887DD7C}.ReleaseSim|x64.ActiveCfg = ReleaseSim|x64
		{DDBD7C18-B718-472C-8D18-BE40D887DD7C}.ReleaseSim|x64.Build.0 = ReleaseSim|x64
		{DDBD7C18-B718-472C-8D18-BE40D887DD7C}.ReleaseSim|x86.ActiveCfg = ReleaseSim|Win32
		{DDBD7C18-B718-472C-8D18-BE40D887DD7C}.ReleaseSim|x86.Build.0 = ReleaseSim|Win32
		{DAFEC8FC-11D2-4134-8BD5-AE62EDF07B25}.Debug|x64.ActiveCfg = Debug|x64
		{DAFEC8FC-11D2-4134-8BD5-AE62EDF07B25}.Debug|x64.Build.0 = Debug|x64
		{DAFEC8FC-11D2-4134-8BD5-AE62EDF07B25}.Debug|x86.ActiveCfg = Debug|Win32
		{DAFEC8FC-11D2-4134-8BD5-AE62EDF07B25}.Debug|x86.Build.0 = Debug|Win32
		{DAFEC8FC-11D2-4134-8BD5-AE62EDF07B25}.DebugSim|x64.ActiveCfg = DebugSim|x64
		{DAFEC8FC-11D2-4134-8BD5-AE62EDF07B25}.DebugSim|x64.Build.0 = DebugSim|x64
		{DAFEC8FC-11D2-4134-8BD5-AE62EDF07B25}.DebugSim|x86.ActiveCfg = DebugSim|Win32
		{DAFEC8FC-11D2-4134-8BD5-AE62EDF07B25}.DebugSim|x86.Build.0 = DebugSim|Win32
		{DAFEC8FC-11D2-4134-8BD5-AE62EDF07B25}.DebugSimTSN|x64.ActiveCfg = DebugSim|x64
		{DAFEC8FC-11D2-4134-8BD5-AE62EDF07B25}.DebugSimTSN|x64.Build.0 = DebugSim|x64
		{DAFEC8FC-11D2-4134-8BD5-AE62EDF07B25}.DebugSimTSN|x86.ActiveCfg = DebugSim|Win32
		{DAFEC8FC-11D2-4134-8BD5-AE62EDF07B25}.DebugSimTSN|x86.Build.0 = DebugSim|Win32
		{DAFEC8FC-11D2-4134-8BD5-AE62EDF07B25}.Release|x64.ActiveCfg = Release|x64
		{DAFEC8FC-11D2-4134-8BD5-AE62EDF07B25}.Release|x64.Build.0 = Release|x64
		{DAFEC8FC-11D2-4134-8BD5-AE62EDF07B25}.Release|x86.ActiveCfg = Release|Win32
		{DAFEC8FC-11D2-4134-8BD5-AE62EDF07B25}.Release|x86.Build.0 = Release|Win32
		{DAFEC8FC-11D2-4134-8BD5-AE62EDF07B25}.ReleaseSim|x64.ActiveCfg = ReleaseSim|x64
		{DAFEC8FC-11D2-4134-8BD5-AE62EDF07B25}.ReleaseSim|x64.Build.0 = ReleaseSim|x64
		{DAFEC8FC-11D2-4134-8BD5-AE62EDF07B25}.ReleaseSim|x86.ActiveCfg = ReleaseSim|Win32
		{DAFEC8FC-11D2-4134-8BD5-AE62EDF07B25}.ReleaseSim|x86.Build.0 = ReleaseSim|Win32
		{56100B24-1CD7-4767-8972-83CB14931DB6}.Debug|x64.ActiveCfg = Debug|x64
		{56100B24-1CD7-4767-8972-83CB14931DB6}.Debug|x64.Build.0 = Debug|x64
		{56100B24-1CD7-4767-8972-83CB14931DB6}.Debug|x86.ActiveCfg = Debug|Win32
		{56100B24-1CD7-4767-8972-83CB14931DB6}.Debug|x86.Build.0 = Debug|Win32
		{56100B24-1CD7-4767-8972-83CB14931DB6}.DebugSim|x64.ActiveCfg = DebugSim|x64
		{56100B24-1CD7-4767-8972-83CB14931DB6}.DebugSim|x64.Build.0 = DebugSim|x64
		{56100B24-1CD7-4767-8972-83CB14931DB6}.DebugSim|x86.ActiveCfg = DebugSim|Win32
		{56100B24-1CD7-4767-8972-83CB14931DB6}.DebugSim|x86.Build.0 = DebugSim|Win32
		{56100B24-1CD7-4767-8972-83CB14931DB6}.DebugSimTSN|x64.ActiveCfg = DebugSim|x64
		{56100B24-1CD7-4767-8972-83CB14931DB6}.DebugSimTSN|x64.Build.0 = DebugSim|x64
		{56100B24-1CD7-4767-8972-83CB14931DB6}.DebugSimTSN|x86.ActiveCfg = DebugSim|Win32
		{56100B24-1CD7-4767-8972-83CB14931DB6}.DebugSimTSN|x86.Build.0 = DebugSim|Win32
		{56100B24-1CD7-4767-8972-83CB14931DB6}.Release|x64.ActiveCfg = Release|x64
		{56100B24-1CD7-4767-8972-83CB14931DB6}.Release|x64.Build.0 = Release|x64
		{56100B24-1CD7-4767-8972-83CB14931DB6}.Release|x86.ActiveCfg = Release|Win32
		{56100B24-1CD7-4767-8972-83CB14931DB6}.Release|x86.Build.0 = Release|Win32
		{56100B24-1CD7-4767-8972-83CB14931DB6}.ReleaseSim|x64.ActiveCfg = ReleaseSim|x64
		{56100B24-1CD7-4767-8972-83CB14931DB6}.ReleaseSim|x64.Build.0 = ReleaseSim|x64
		{56100B24-1CD7-4767-8972-83CB14931DB6}.ReleaseSim|x86.ActiveCfg = ReleaseSim|Win32
		{56100B24-1CD7-4767-8972-83CB14931DB6}.ReleaseSim|x86.Build.0 = ReleaseSim|Win32
		{4023DD57-7FE6-4DE8-8A2A-030D2DEAAA55}.Debug|x64.ActiveCfg = Debug|x64
		{4023DD57-7FE6-4DE8-8A2A-030D2DEAAA55}.Debug|x64.Build.0 = Debug|x64
		{4023DD57-7FE6-4DE8-8A2A-030D2DEAAA55}.Debug|x86.ActiveCfg = Debug|Win32
		{4023DD57-7FE6-4DE8-8A2A-030D2DEAAA55}.Debug|x86.Build.0 = Debug|Win32
		{4023DD57-7FE6-4DE8-8A2A-030D2DEAAA55}.DebugSim|x64.ActiveCfg = DebugSim|x64
		{4023DD57-7FE6-4DE8-8A2A-030D2DEAAA55}.DebugSim|x64.Build.0 = DebugSim|x64
		{4023DD57-7FE6-4DE8-8A2A-030D2DEAAA55}.DebugSim|x86.ActiveCfg = DebugSim|Win32
		{4023DD57-7FE6-4DE8-8A2A-030D2DEAAA55}.DebugSim|x86.Build.0 = DebugSim|Win32
		{4023DD57-7FE6-4DE8-8A2A-030D2DEAAA55}.DebugSimTSN|x64.ActiveCfg = DebugSim|x64
		{4023DD57-7FE6-4DE8-8A2A-030D2DEAAA55}.DebugSimTSN|x64.Build.0 = DebugSim|x64
		{4023DD57-7FE6-4DE8-8A2A-030D2DEAAA55}.DebugSimTSN|x86.ActiveCfg = DebugSim|Win32
		{4023DD57-7FE6-4DE8-8A2A-030D2DEAAA55}.DebugSimTSN|x86.Build.0 = DebugSim|Win32
		{4023DD57-7FE6-4DE8-8A2A-030D2DEAAA55}.Release|x64.ActiveCfg = Release|x64
		{4023DD57-7FE6-4DE8-8A2A-030D2DEAAA55}.Release|x64.Build.0 = Release|x64
		{4023DD57-7FE6-4DE8-8A2A-030D2DEAAA55}.Release|x86.ActiveCfg = Release|Win32
		{4023DD57-7FE6-4DE8-8A2A-030D2DEAAA55}.Release|x86.Build.0 = Release|Win32
		{4023DD57-7FE6-4DE8-8A2A-030D2DEAAA55}.ReleaseSim|x64.ActiveCfg = ReleaseSim|x64
		{4023DD57-7FE6-4DE8-8A2A-030D2DEAAA55}.ReleaseSim|x64.Build.0 = ReleaseSim|x64
		{4023DD57-7FE6-4DE8-8A2A-030D2DEAAA55}.ReleaseSim|x86.ActiveCfg = ReleaseSim|Win32
		{4023DD57-7FE6-4DE8-8A2A-030D2DEAAA55}.ReleaseSim|x86.Build.0 = ReleaseSim|Win32
		{70FE6320-198B-41BF-BD97-9A69E96332CD}.Debug|x64.ActiveCfg = Debug|x64
		{70FE6320-198B-41BF-BD97-9A69E96332CD}.Debug|x64.Build.0 = Debug|x64
		{70FE6320-198B-41BF-BD97-9A69E96332CD}.Debug|x86.ActiveCfg = Debug|Win32
		{70FE6320-198B-41BF-BD97-9A69E96332CD}.Debug|x86.Build.0 = Debug|Win32
		{70FE6320-198B-41BF-BD97-9A69E96332CD}.DebugSim|x64.ActiveCfg = DebugSim|x64
		{70FE6320-198B-41BF-BD97-9A69E96332CD}.DebugSim|x64.Build.0 = DebugSim|x64
		{70FE6320-198B-41BF-BD97-9A69E96332CD}.DebugSim|x86.ActiveCfg = DebugSim|Win32
		{70FE6320-198B-41BF-BD97-9A69E96332CD}.DebugSim|x86.Build.0 = DebugSim|Win32
		{70FE6320-198B-41BF-BD97-9A69E96332CD}.DebugSimTSN|x64.ActiveCfg = DebugSim|x64
		{70FE6320-198B-41BF-BD97-9A69E96332CD}.DebugSimTSN|x64.Build.0 = DebugSim|x64
		{70FE6320-198B-41BF-BD97-9A69E96332CD}.DebugSimTSN|x86.ActiveCfg = DebugSim|Win32
		{70FE6320-198B-41BF-BD97-9A69E96332CD}.DebugSimTSN|x86.Build.0 = DebugSim|Win32
		{70FE6320-198B-41BF-BD97-9A69E96332CD}.Release|x64.ActiveCfg = Release|x64
		{70FE6320-198B-41BF-BD97-9A69E96332CD}.Release|x64.Build.0 = Release|x64
		{70FE6320-198B-41BF-BD97-9A69E96332CD}.Release|x86.ActiveCfg = Release|Win32
		{70FE6320-198B-41BF-BD97-9A69E96332CD}.Release|x86.Build.0 = Release|Win32
		{70FE6320-198B-41BF-BD97-9A69E96332CD}.ReleaseSim|x64.ActiveCfg = ReleaseSim|x64
		{70FE6320-198B-41BF-BD97-9A69E96332CD}.ReleaseSim|x64.Build.0 = ReleaseSim|x64
		{70FE6320-198B-41BF-BD97-9A69E96332CD}.ReleaseSim|x86.ActiveCfg = ReleaseSim|Win32
		{70FE6320-198B-41BF-BD97-9A69E96332CD}.ReleaseSim|x86.Build.0 = ReleaseSim|Win32
		{C9301603-1FDE-4D2E-9BC0-2FDCAE2A6B10}.Debug|x64.ActiveCfg = Debug|x64
		{C9301603-1FDE-4D2E-9BC0-2FDCAE2A6B10}.Debug|x64.Build.0 = Debug|x64
		{C9301603-1FDE-4D2E-9BC0-2FDCAE2A6B10}.Debug|x86.ActiveCfg = Debug|Win32
		{C9301603-1FDE-4D2E-9BC0-2FDCAE2A6B10}.Debug|x86.Build.0 = Debug|Win32
		{C9301603-1FDE-4D2E-9BC0-2FDCAE2A6B10}.DebugSim|x64.ActiveCfg = DebugSim|x64
		{C9301603-1FDE-4D2E-9BC0-2FDCAE2A6B10}.DebugSim|x64.Build.0 = DebugSim|x64
		{C9301603-1FDE-4D2E-9BC0-2FDCAE2A6B10}.DebugSim|x86.ActiveCfg = DebugSim|Win32
		{C9301603-1FDE-4D2E-9BC0-2FDCAE2A6B10}.DebugSim|x86.Build.0 = DebugSim|Win32
		{C9301603-1FDE-4D2E-9BC0-2FDCAE2A6B10}.DebugSimTSN|x64.ActiveCfg = DebugSim|x64
		{C9301603-1FDE-4D2E-9BC0-2FDCAE2A6B10}.DebugSimTSN|x64.Build.0 = DebugSim|x64
		{C9301603-1FDE-4D2E-9BC0-2FDCAE2A6B10}.DebugSimTSN|x86.ActiveCfg = DebugSim|Win32
		{C9301603-1FDE-4D2E-9BC0-2FDCAE2A6B10}.DebugSimTSN|x86.Build.0 = DebugSim|Win32
		{C9301603-1FDE-4D2E-9BC0-2FDCAE2A6B10}.Release|x64.ActiveCfg = Release|x64
		{C9301603-1FDE-4D2E-9BC0-2FDCAE2A6B10}.Release|x64.Build.0 = Release|x64
		{C9301603-1FDE-4D2E-9BC0-2FDCAE2A6B10}.Release|x86.ActiveCfg = Release|Win32
		{C9301603-1FDE-4D2E-9BC0-2FDCAE2A6B10}.Release|x86.Build.0 = Release|Win32
		{C9301603-1FDE-4D2E-9BC0-2FDCAE2A6B10}.ReleaseSim|x64.ActiveCfg = ReleaseSim|x64
		{C9301603-1FDE-4D2E-9BC0-2FDCAE2A6B10}.ReleaseSim|x64.Build.0 = ReleaseSim|x64
		{C9301603-1FDE-4D2E-9BC0-2FDCAE2A6B10}.ReleaseSim|x86.ActiveCfg = ReleaseSim|Win32
		{C9301603-1FDE-4D2E-9BC0-2FDCAE2A6B10}.ReleaseSim|x86.Build.0 = ReleaseSim|Win32
		{55FA6B4F-4D5A-4F49-8CB7-5DACDAEF44D6}.Debug|x64.ActiveCfg = Debug|x64
		{55FA6B4F-4D5A-4F49-8CB7-5DACDAEF44D6}.Debug|x64.Build.0 = Debug|x64
		{55FA6B4F-4D5A-4F49-8CB7-5DACDAEF44D6}.Debug|x86.ActiveCfg = Debug|Win32
		{55FA6B4F-4D5A-4F49-8CB7-5DACDAEF44D6}.Debug|x86.Build.0 = Debug|Win32
		{55FA6B4F-4D5A-4F49-8CB7-5DACDAEF44D6}.DebugSim|x64.ActiveCfg = DebugSim|x64
		{55FA6B4F-4D5A-4F49-8CB7-5DACDAEF44D6}.DebugSim|x64.Build.0 = DebugSim|x64
		{55FA6B4F-4D5A-4F49-8CB7-5DACDAEF44D6}.DebugSim|x86.ActiveCfg = DebugSim|Win32
		{55FA6B4F-4D5A-4F49-8CB7-5DACDAEF44D6}.DebugSim|x86.Build.0 = DebugSim|Win32
		{55FA6B4F-4D5A-4F49-8CB7-5DACDAEF44D6}.DebugSimTSN|x64.ActiveCfg = DebugSim|x64
		{55FA6B4F-4D5A-4F49-8CB7-5DACDAEF44D6}.DebugSimTSN|x64.Build.0 = DebugSim|x64
		{55FA6B4F-4D5A-4F49-8CB7-5DACDAEF44D6}.DebugSimTSN|x86.ActiveCfg = DebugSimTSN|Win32
		{55FA6B4F-4D5A-4F49-8CB7-5DACDAEF44D6}.DebugSimTSN|x86.Build.0 = DebugSimTSN|Win32
		{55FA6B4F-4D5A-4F49-8CB7-5DACDAEF44D6}.Release|x64.ActiveCfg = Release|x64
		{55FA6B4F-4D5A-4F49-8CB7-5DACDAEF44D6}.Release|x64.Build.0 = Release|x64
		{55FA6B4F-4D5A-4F49-8CB7-5DACDAEF44D6}.Release|x86.ActiveCfg = Release|Win32
		{55FA6B4F-4D5A-4F49-8CB7-5DACDAEF44D6}.Release|x86.Build.0 = Release|Win32
		{55FA6B4F-4D5A-4F49-8CB7-5DACDAEF44D6}.ReleaseSim|x64.ActiveCfg = ReleaseSim|x64
		{55FA6B4F-4D5A-4F49-8CB7-5DACDAEF44D6}.ReleaseSim|x64.Build.0 = ReleaseSim|x64
		{55FA6B4F-4D5A-4F49-8CB7-5DACDAEF44D6}.ReleaseSim|x86.ActiveCfg = ReleaseSim|Win32
		{55FA6B4F-4D5A-4F49-8CB7-5DACDAEF44D6}.ReleaseSim|x86.Build.0 = ReleaseSim|Win32
		{A6883595-5C57-4EE3-8F49-684980BDF224}.Debug|x64.ActiveCfg = Debug|x64
		{A6883595-5C57-4EE3-8F49-684980BDF224}.Debug|x64.Build.0 = Debug|x64
		{A6883595-5C57-4EE3-8F49-684980BDF224}.Debug|x86.ActiveCfg = Debug|Win32
		{A6883595-5C57-4EE3-8F49-684980BDF224}.Debug|x86.Build.0 = Debug|Win32
		{A6883595-5C57-4EE3-8F49-684980BDF224}.DebugSim|x64.ActiveCfg = DebugSim|x64
		{A6883595-5C57-4EE3-8F49-684980BDF224}.DebugSim|x64.Build.0 = DebugSim|x64
		{A6883595-5C57-4EE3-8F49-684980BDF224}.DebugSim|x86.ActiveCfg = DebugSim|Win32
		{A6883595-5C57-4EE3-8F49-684980BDF224}.DebugSim|x86.Build.0 = DebugSim|Win32
		{A6883595-5C57-4EE3-8F49-684980BDF224}.DebugSimTSN|x64.ActiveCfg = DebugSim|x64
		{A6883595-5C57-4EE3-8F49-684980BDF224}.DebugSimTSN|x64.Build.0 = DebugSim|x64
		{A6883595-5C57-4EE3-8F49-684980BDF224}.DebugSimTSN|x86.ActiveCfg = DebugSim|Win32
		{A6883595-5C57-4EE3-8F49-684980BDF224}.DebugSimTSN|x86.Build.0 = DebugSim|Win32
		{A6883595-5C57-4EE3-8F49-684980BDF224}.Release|x64.ActiveCfg = Release|x64
		{A6883595-5C57-4EE3-8F49-684980BDF224}.Release|x64.Build.0 = Release|x64
		{A6883595-5C57-4EE3-8F49-684980BDF224}.Release|x86.ActiveCfg = Release|Win32
		{A6883595-5C57-4EE3-8F49-684980BDF224}.Release|x86.Build.0 = Release|Win32
		{A6883595-5C57-4EE3-8F49-684980BDF224}.ReleaseSim|x64.ActiveCfg = ReleaseSim|x64
		{A6883595-5C57-4EE3-8F49-684980BDF224}.ReleaseSim|x64.Build.0 = ReleaseSim|x64
		{A6883595-5C57-4EE3-8F49-684980BDF224}.ReleaseSim|x86.ActiveCfg = ReleaseSim|Win32
		{A6883595-5C57-4EE3-8F49-684980BDF224}.ReleaseSim|x86.Build.0 = ReleaseSim|Win32
		{8A3D314A-FCC4-44A1-8AFC-8A22E5F2C41F}.Debug|x64.ActiveCfg = Debug|x64
		{8A3D314A-FCC4-44A1-8AFC-8A22E5F2C41F}.Debug|x64.Build.0 = Debug|x64
		{8A3D314A-FCC4-44A1-8AFC-8A22E5F2C41F}.Debug|x86.ActiveCfg = Debug|Win32
		{8A3D314A-FCC4-44A1-8AFC-8A22E5F2C41F}.Debug|x86.Build.0 = Debug|Win32
		{8A3D314A-FCC4-44A1-8AFC-8A22E5F2C41F}.DebugSim|x64.ActiveCfg = DebugSim|x64
		{8A3D314A-FCC4-44A1-8AFC-8A22E5F2C41F}.DebugSim|x64.Build.0 = DebugSim|x64
		{8A3D314A-FCC4-44A1-8AFC-8A22E5F2C41F}.DebugSim|x86.ActiveCfg = DebugSim|Win32
		{8A3D314A-FCC4-44A1-8AFC-8A22E5F2C41F}.DebugSim|x86.Build.0 = DebugSim|Win32
		{8A3D314A-FCC4-44A1-8AFC-8A22E5F2C41F}.DebugSimTSN|x64.ActiveCfg = DebugSim|x64
		{8A3D314A-FCC4-44A1-8AFC-8A22E5F2C41F}.DebugSimTSN|x64.Build.0 = DebugSim|x64
		{8A3D314A-FCC4-44A1-8AFC-8A22E5F2C41F}.DebugSimTSN|x86.ActiveCfg = DebugSim|Win32
		{8A3D314A-FCC4-44A1-8AFC-8A22E5F2C41F}.DebugSimTSN|x86.Build.0 = DebugSim|Win32
		{8A3D314A-FCC4-44A1-8AFC-8A22E5F2C41F}.Release|x64.ActiveCfg = Release|x64
		{8A3D314A-FCC4-44A1-8AFC-8A22E5F2C41F}.Release|x64.Build.0 = Release|x64
		{8A3D314A-FCC4-44A1-8AFC-8A22E5F2C41F}.Release|x86.ActiveCfg = Release|Win32
		{8A3D314A-FCC4-44A1-8AFC-8A22E5F2C41F}.Release|x86.Build.0 = Release|Win32
		{8A3D314A-FCC4-44A1-8AFC-8A22E5F2C41F}.ReleaseSim|x64.ActiveCfg = ReleaseSim|x64
		{8A3D314A-FCC4-44A1-8AFC-8A22E5F2C41F}.ReleaseSim|x64.Build.0 = ReleaseSim|x64
		{8A3D314A-FCC4-44A1-8AFC-8A22E5F2C41F}.ReleaseSim|x86.ActiveCfg = ReleaseSim|Win32
		{8A3D314A-FCC4-44A1-8AFC-8A22E5F2C41F}.ReleaseSim|x86.Build.0 = ReleaseSim|Win32
		{2F22C2C5-4830-4D4B-8DF7-8E5E8874F6EF}.Debug|x64.ActiveCfg = Debug|x64
		{2F22C2C5-4830-4D4B-8DF7-8E5E8874F6EF}.Debug|x64.Build.0 = Debug|x64
		{2F22C2C5-4830-4D4B-8DF7-8E5E8874F6EF}.Debug|x86.ActiveCfg = Debug|Win32
		{2F22C2C5-4830-4D4B-8DF7-8E5E8874F6EF}.Debug|x86.Build.0 = Debug|Win32
		{2F22C2C5-4830-4D4B-8DF7-8E5E8874F6EF}.DebugSim|x64.ActiveCfg = DebugSim|x64
		{2F22C2C5-4830-4D4B-8DF7-8E5E8874F6EF}.DebugSim|x64.Build.0 = DebugSim|x64
		{2F22C2C5-4830-4D4B-8DF7-8E5E8874F6EF}.DebugSim|x86.ActiveCfg = DebugSim|Win32
		{2F22C2C5-4830-4D4B-8DF7-8E5E8874F6EF}.DebugSim|x86.Build.0 = DebugSim|Win32
		{2F22C2C5-4830-4D4B-8DF7-8E5E8874F6EF}.DebugSimTSN|x64.ActiveCfg = DebugSim|x64
		{2F22C2C5-4830-4D4B-8DF7-8E5E8874F6EF}.DebugSimTSN|x64.Build.0 = DebugSim|x64
		{2F22C2C5-4830-4D4B-8DF7-8E5E8874F6EF}.DebugSimTSN|x86.ActiveCfg = DebugSim|Win32
		{2F22C2C5-4830-4D4B-8DF7-8E5E8874F6EF}.DebugSimTSN|x86.Build.0 = DebugSim|Win32
		{2F22C2C5-4830-4D4B-8DF7-8E5E8874F6EF}.Release|x64.ActiveCfg = Release|x64
		{2F22C2C5-4830-4D4B-8DF7-8E5E8874F6EF}.Release|x64.Build.0 = Release|x64
		{2F22C2C5-4830-4D4B-8DF7-8E5E8874F6EF}.Release|x86.ActiveCfg = Release|Win32
		{2F22C2C5-4830-4D4B-8DF7-8E5E8874F6EF}.Release|x86.Build.0 = Release|Win32
		{2F22C2C5-4830-4D4B-8DF7-8E5E8874F6EF}.ReleaseSim|x64.ActiveCfg = ReleaseSim|x64
		{2F22C2C5-4830-4D4B-8DF7-8E5E8874F6EF}.ReleaseSim|x64.Build.0 = ReleaseSim|x64
		{2F22C2C5-4830-4D4B-8DF7-8E5E8874F6EF}.ReleaseSim|x86.ActiveCfg = ReleaseSim|Win32
		{2F22C2C5-4830-4D4B-8DF7-8E5E8874F6EF}.ReleaseSim|x86.Build.0 = ReleaseSim|Win32
		{43B964A9-9C58-4E78-BA2B-BC6CC7651E10}.Debug|x64.ActiveCfg = Debug|x64
		{43B964A9-9C58-4E78-BA2B-BC6CC7651E10}.Debug|x64.Build.0 = Debug|x64
		{43B964A9-9C58-4E78-BA2B-BC6CC7651E10}.Debug|x86.ActiveCfg = Debug|Win32
		{43B964A9-9C58-4E78-BA2B-BC6CC7651E10}.Debug|x86.Build.0 = Debug|Win32
		{43B964A9-9C58-4E78-BA2B-BC6CC7651E10}.DebugSim|x64.ActiveCfg = DebugSim|x64
		{43B964A9-9C58-4E78-BA2B-BC6CC7651E10}.DebugSim|x64.Build.0 = DebugSim|x64
		{43B964A9-9C58-4E78-BA2B-BC6CC7651E10}.DebugSim|x86.ActiveCfg = DebugSim|Win32
		{43B964A9-9C58-4E78-BA2B-BC6CC7651E10}.DebugSim|x86.Build.0 = DebugSim|Win32
		{43B964A9-9C58-4E78-BA2B-BC6CC7651E10}.DebugSimTSN|x64.ActiveCfg = DebugSim|x64
		{43B964A9-9C58-4E78-BA2B-BC6CC7651E10}.DebugSimTSN|x64.Build.0 = DebugSim|x64
		{43B964A9-9C58-4E78-BA2B-BC6CC7651E10}.DebugSimTSN|x86.ActiveCfg = DebugSim|Win32
		{43B964A9-9C58-4E78-BA2B-BC6CC7651E10}.DebugSimTSN|x86.Build.0 = DebugSim|Win32
		{43B964A9-9C58-4E78-BA2B-BC6CC7651E10}.Release|x64.ActiveCfg = Release|x64
		{43B964A9-9C58-4E78-BA2B-BC6CC7651E10}.Release|x64.Build.0 = Release|x64
		{43B964A9-9C58-4E78-BA2B-BC6CC7651E10}.Release|x86.ActiveCfg = Release|Win32
		{43B964A9-9C58-4E78-BA2B-BC6CC7651E10}.Release|x86.Build.0 = Release|Win32
		{43B964A9-9C58-4E78-BA2B-BC6CC7651E10}.ReleaseSim|x64.ActiveCfg = ReleaseSim|x64
		{43B964A9-9C58-4E78-BA2B-BC6CC7651E10}.ReleaseSim|x64.Build.0 = ReleaseSim|x64
		{43B964A9-9C58-4E78-BA2B-BC6CC7651E10}.ReleaseSim|x86.ActiveCfg = ReleaseSim|Win32
		{43B964A9-9C58-4E78-BA2B-BC6CC7651E10}.ReleaseSim|x86.Build.0 = ReleaseSim|Win32
		{CB425547-5F21-4E5F-AACF-9894E753D192}.Debug|x64.ActiveCfg = Debug|x64
		{CB425547-5F21-4E5F-AACF-9894E753D192}.Debug|x64.Build.0 = Debug|x64
		{CB425547-5F21-4E5F-AACF-9894E753D192}.Debug|x86.ActiveCfg = Debug|Win32
		{CB425547-5F21-4E5F-AACF-9894E753D192}.Debug|x86.Build.0 = Debug|Win32
		{CB425547-5F21-4E5F-AACF-9894E753D192}.DebugSim|x64.ActiveCfg = DebugSim|x64
		{CB425547-5F21-4E5F-AACF-9894E753D192}.DebugSim|x64.Build.0 = DebugSim|x64
		{CB425547-5F21-4E5F-AACF-9894E753D192}.DebugSim|x86.ActiveCfg = DebugSim|Win32
		{CB425547-5F21-4E5F-AACF-9894E753D192}.DebugSim|x86.Build.0 = DebugSim|Win32
		{CB425547-5F21-4E5F-AACF-9894E753D192}.DebugSimTSN|x64.ActiveCfg = DebugSim|x64
		{CB425547-5F21-4E5F-AACF-9894E753D192}.DebugSimTSN|x64.Build.0 = DebugSim|x64
		{CB425547-5F21-4E5F-AACF-9894E753D192}.DebugSimTSN|x86.ActiveCfg = DebugSim|Win32
		{CB425547-5F21-4E5F-AACF-9894E753D192}.DebugSimTSN|x86.Build.0 = DebugSim|Win32
		{CB425547-5F21-4E5F-AACF-9894E753D192}.Release|x64.ActiveCfg = Release|x64
		{CB425547-5F21-4E5F-AACF-9894E753D192}.Release|x64.Build.0 = Release|x64
		{CB425547-5F21-4E5F-AACF-9894E753D192}.Release|x86.ActiveCfg = Release|Win32
		{CB425547-5F21-4E5F-AACF-9894E753D192}.Release|x86.Build.0 = Release|Win32
		{CB425547-5F21-4E5F-AACF-9894E753D192}.ReleaseSim|x64.ActiveCfg = ReleaseSim|x64
		{CB425547-5F21-4E5F-AACF-9894E753D192}.ReleaseSim|x64.Build.0 = ReleaseSim|x64
		{CB425547-5F21-4E5F-AACF-9894E753D192}.ReleaseSim|x86.ActiveCfg = ReleaseSim|Win32
		{CB425547-5F21-4E5F-AACF-9894E753D192}.ReleaseSim|x86.Build.0 = ReleaseSim|Win32
		{4E059552-03FF-4EE4-A868-C2253289E9F6}.Debug|x64.ActiveCfg = Debug|x64
		{4E059552-03FF-4EE4-A868-C2253289E9F6}.Debug|x64.Build.0 = Debug|x64
		{4E059552-03FF-4EE4-A868-C2253289E9F6}.Debug|x86.ActiveCfg = Debug|Win32
		{4E059552-03FF-4EE4-A868-C2253289E9F6}.Debug|x86.Build.0 = Debug|Win32
		{4E059552-03FF-4EE4-A868-C2253289E9F6}.DebugSim|x64.ActiveCfg = DebugSim|x64
		{4E059552-03FF-4EE4-A868-C2253289E9F6}.DebugSim|x64.Build.0 = DebugSim|x64
		{4E059552-03FF-4EE4-A868-C2253289E9F6}.DebugSim|x86.ActiveCfg = DebugSim|Win32
		{4E059552-03FF-4EE4-A868-C2253289E9F6}.DebugSim|x86.Build.0 = DebugSim|Win32
		{4E059552-03FF-4EE4-A868-C2253289E9F6}.DebugSimTSN|x64.ActiveCfg = DebugSim|x64
		{4E059552-03FF-4EE4-A868-C2253289E9F6}.DebugSimTSN|x64.Build.0 = DebugSim|x64
		{4E059552-03FF-4EE4-A868-C2253289E9F6}.DebugSimTSN|x86.ActiveCfg = DebugSimTSN|Win32
		{4E059552-03FF-4EE4-A868-C2253289E9F6}.DebugSimTSN|x86.Build.0 = DebugSimTSN|Win32
		{4E059552-03FF-4EE4-A868-C2253289E9F6}.Release|x64.ActiveCfg = Release|x64
		{4E059552-03FF-4EE4-A868-C2253289E9F6}.Release|x64.Build.0 = Release|x64
		{4E059552-03FF-4EE4-A868-C2253289E9F6}.Release|x86.ActiveCfg = Release|Win32
		{4E059552-03FF-4EE4-A868-C2253289E9F6}.Release|x86.Build.0 = Release|Win32
		{4E059552-03FF-4EE4-A868-C2253289E9F6}.ReleaseSim|x64.ActiveCfg = ReleaseSim|x64
		{4E059552-03FF-4EE4-A868-C2253289E9F6}.ReleaseSim|x64.Build.0 = ReleaseSim|x64
		{4E059552-03FF-4EE4-A868-C2253289E9F6}.ReleaseSim|x86.ActiveCfg = ReleaseSim|Win32
		{4E059552-03FF-4EE4-A868-C2253289E9F6}.ReleaseSim|x86.Build.0 = ReleaseSim|Win32
		{816CD0D9-C99D-40B9-94BB-56D979BA9AF9}.Debug|x64.ActiveCfg = Debug|x64
		{816CD0D9-C99D-40B9-94BB-56D979BA9AF9}.Debug|x64.Build.0 = Debug|x64
		{816CD0D9-C99D-40B9-94BB-56D979BA9AF9}.Debug|x86.ActiveCfg = Debug|Win32
		{816CD0D9-C99D-40B9-94BB-56D979BA9AF9}.Debug|x86.Build.0 = Debug|Win32
		{816CD0D9-C99D-40B9-94BB-56D979BA9AF9}.DebugSim|x64.ActiveCfg = DebugSim|x64
		{816CD0D9-C99D-40B9-94BB-56D979BA9AF9}.DebugSim|x64.Build.0 = DebugSim|x64
		{816CD0D9-C99D-40B9-94BB-56D979BA9AF9}.DebugSim|x86.ActiveCfg = DebugSim|Win32
		{816CD0D9-C99D-40B9-94BB-56D979BA9AF9}.DebugSim|x86.Build.0 = DebugSim|Win32
		{816CD0D9-C99D-40B9-94BB-56D979BA9AF9}.DebugSimTSN|x64.ActiveCfg = DebugSim|x64
		{816CD0D9-C99D-40B9-94BB-56D979BA9AF9}.DebugSimTSN|x64.Build.0 = DebugSim|x64
		{816CD0D9-C99D-40B9-94BB-56D979BA9AF9}.DebugSimTSN|x86.ActiveCfg = DebugSim|Win32
		{816CD0D9-C99D-40B9-94BB-56D979BA9AF9}.DebugSimTSN|x86.Build.0 = DebugSim|Win32
		{816CD0D9-C99D-40B9-94BB-56D979BA9AF9}.Release|x64.ActiveCfg = Release|x64
		{816CD0D9-C99D-40B9-94BB-56D979BA9AF9}.Release|x64.Build.0 = Release|x64
		{816CD0D9-C99D-40B9-94BB-56D979BA9AF9}.Release|x86.ActiveCfg = Release|Win32
		{816CD0D9-C99D-40B9-94BB-56D979BA9AF9}.Release|x86.Build.0 = Release|Win32
		{816CD0D9-C99D-40B9-94BB-56D979BA9AF9}.ReleaseSim|x64.ActiveCfg = ReleaseSim|x64
		{816CD0D9-C99D-40B9-94BB-56D979BA9AF9}.ReleaseSim|x64.Build.0 = ReleaseSim|x64
		{816CD0D9-C99D-40B9-94BB-56D979BA9AF9}.ReleaseSim|x86.ActiveCfg = ReleaseSim|Win32
		{816CD0D9-C99D-40B9-94BB-56D979BA9AF9}.ReleaseSim|x86.Build.0 = ReleaseSim|Win32
		{CFBFD1F6-D645-48FF-83CD-AD9097AAB97E}.Debug|x64.ActiveCfg = Debug|x64
		{CFBFD1F6-D645-48FF-83CD-AD9097AAB97E}.Debug|x64.Build.0 = Debug|x64
		{CFBFD1F6-D645-48FF-83CD-AD9097AAB97E}.Debug|x86.ActiveCfg = Debug|Win32
		{CFBFD1F6-D645-48FF-83CD-AD9097AAB97E}.Debug|x86.Build.0 = Debug|Win32
		{CFBFD1F6-D645-48FF-83CD-AD9097AAB97E}.DebugSim|x64.ActiveCfg = DebugSim|x64
		{CFBFD1F6-D645-48FF-83CD-AD9097AAB97E}.DebugSim|x64.Build.0 = DebugSim|x64
		{CFBFD1F6-D645-48FF-83CD-AD9097AAB97E}.DebugSim|x86.ActiveCfg = DebugSim|Win32
		{CFBFD1F6-D645-48FF-83CD-AD9097AAB97E}.DebugSim|x86.Build.0 = DebugSim|Win32
		{CFBFD1F6-D645-48FF-83CD-AD9097AAB97E}.DebugSimTSN|x64.ActiveCfg = DebugSim|x64
		{CFBFD1F6-D645-48FF-83CD-AD9097AAB97E}.DebugSimTSN|x64.Build.0 = DebugSim|x64
		{CFBFD1F6-D645-48FF-83CD-AD9097AAB97E}.DebugSimTSN|x86.ActiveCfg = DebugSim|Win32
		{CFBFD1F6-D645-48FF-83CD-AD9097AAB97E}.DebugSimTSN|x86.Build.0 = DebugSim|Win32
		{CFBFD1F6-D645-48FF-83CD-AD9097AAB97E}.Release|x64.ActiveCfg = Release|x64
		{CFBFD1F6-D645-48FF-83CD-AD9097AAB97E}.Release|x64.Build.0 = Release|x64
		{CFBFD1F6-D645-48FF-83CD-AD9097AAB97E}.Release|x86.ActiveCfg = Release|Win32
		{CFBFD1F6-D645-48FF-83CD-AD9097AAB97E}.Release|x86.Build.0 = Release|Win32
		{CFBFD1F6-D645-48FF-83CD-AD9097AAB97E}.ReleaseSim|x64.ActiveCfg = ReleaseSim|x64
		{CFBFD1F6-D645-48FF-83CD-AD9097AAB97E}.ReleaseSim|x64.Build.0 = ReleaseSim|x64
		{CFBFD1F6-D645-48FF-83CD-AD9097AAB97E}.ReleaseSim|x86.ActiveCfg = ReleaseSim|Win32
		{CFBFD1F6-D645-48FF-83CD-AD9097AAB97E}.ReleaseSim|x86.Build.0 = ReleaseSim|Win32
		{871C2971-2155-4FD6-BFAB-0FABAFEC0633}.Debug|x64.ActiveCfg = Debug|x64
		{871C2971-2155-4FD6-BFAB-0FABAFEC0633}.Debug|x64.Build.0 = Debug|x64
		{871C2971-2155-4FD6-BFAB-0FABAFEC0633}.Debug|x86.ActiveCfg = Debug|Win32
		{871C2971-2155-4FD6-BFAB-0FABAFEC0633}.Debug|x86.Build.0 = Debug|Win32
		{871C2971-2155-4FD6-BFAB-0FABAFEC0633}.DebugSim|x64.ActiveCfg = DebugSim|x64
		{871C2971-2155-4FD6-BFAB-0FABAFEC0633}.DebugSim|x64.Build.0 = DebugSim|x64
		{871C2971-2155-4FD6-BFAB-0FABAFEC0633}.DebugSim|x86.ActiveCfg = DebugSim|Win32
		{871C2971-2155-4FD6-BFAB-0FABAFEC0633}.DebugSim|x86.Build.0 = DebugSim|Win32
		{871C2971-2155-4FD6-BFAB-0FABAFEC0633}.DebugSimTSN|x64.ActiveCfg = DebugSim|x64
		{871C2971-2155-4FD6-BFAB-0FABAFEC0633}.DebugSimTSN|x64.Build.0 = DebugSim|x64
		{871C2971-2155-4FD6-BFAB-0FABAFEC0633}.DebugSimTSN|x86.ActiveCfg = DebugSim|Win32
		{871C2971-2155-4FD6-BFAB-0FABAFEC0633}.DebugSimTSN|x86.Build.0 = DebugSim|Win32
		{871C2971-2155-4FD6-BFAB-0FABAFEC0633}.Release|x64.ActiveCfg = Release|x64
		{871C2971-2155-4FD6-BFAB-0FABAFEC0633}.Release|x64.Build.0 = Release|x64
		{871C2971-2155-4FD6-BFAB-0FABAFEC0633}.Release|x86.ActiveCfg = Release|Win32
		{871C2971-2155-4FD6-BFAB-0FABAFEC0633}.Release|x86.Build.0 = Release|Win32
		{871C2971-2155-4FD6-BFAB-0FABAFEC0633}.ReleaseSim|x64.ActiveCfg = ReleaseSim|x64
		{871C2971-2155-4FD6-BFAB-0FABAFEC0633}.ReleaseSim|x64.Build.0 = ReleaseSim|x64
		{871C2971-2155-4FD6-BFAB-0FABAFEC0633}.ReleaseSim|x86.ActiveCfg = ReleaseSim|Win32
		{871C2971-2155-4FD6-BFAB-0FABAFEC0633}.ReleaseSim|x86.Build.0 = ReleaseSim|Win32
		{36D915A4-13D2-4EFC-8F6C-A191CD865830}.Debug|x64.ActiveCfg = Debug|x64
		{36D915A4-13D2-4EFC-8F6C-A191CD865830}.Debug|x64.Build.0 = Debug|x64
		{36D915A4-13D2-4EFC-8F6C-A191CD865830}.Debug|x86.ActiveCfg = Debug|Win32
		{36D915A4-13D2-4EFC-8F6C-A191CD865830}.Debug|x86.Build.0 = Debug|Win32
		{36D915A4-13D2-4EFC-8F6C-A191CD865830}.DebugSim|x64.ActiveCfg = DebugSim|x64
		{36D915A4-13D2-4EFC-8F6C-A191CD865830}.DebugSim|x64.Build.0 = DebugSim|x64
		{36D915A4-13D2-4EFC-8F6C-A191CD865830}.DebugSim|x86.ActiveCfg = DebugSim|Win32
		{36D915A4-13D2-4EFC-8F6C-A191CD865830}.DebugSim|x86.Build.0 = DebugSim|Win32
		{36D915A4-13D2-4EFC-8F6C-A191CD865830}.DebugSimTSN|x64.ActiveCfg = DebugSim|x64
		{36D915A4-13D2-4EFC-8F6C-A191CD865830}.DebugSimTSN|x64.Build.0 = DebugSim|x64
		{36D915A4-13D2-4EFC-8F6C-A191CD865830}.DebugSimTSN|x86.ActiveCfg = DebugSim|Win32
		{36D915A4-13D2-4EFC-8F6C-A191CD865830}.DebugSimTSN|x86.Build.0 = DebugSim|Win32
		{36D915A4-13D2-4EFC-8F6C-A191CD865830}.Release|x64.ActiveCfg = Release|x64
		{36D915A4-13D2-4EFC-8F6C-A191CD865830}.Release|x64.Build.0 = Release|x64
		{36D915A4-13D2-4EFC-8F6C-A191CD865830}.Release|x86.ActiveCfg = Release|Win32
		{36D915A4-13D2-4EFC-8F6C-A191CD865830}.Release|x86.Build.0 = Release|Win32
		{36D915A4-13D2-4EFC-8F6C-A191CD865830}.ReleaseSim|x64.ActiveCfg = ReleaseSim|x64
		{36D915A4-13D2-4EFC-8F6C-A191CD865830}.ReleaseSim|x64.Build.0 = ReleaseSim|x64
		{36D915A4-13D2-4EFC-8F6C-A191CD865830}.ReleaseSim|x86.ActiveCfg = ReleaseSim|Win32
		{36D915A4-13D2-4EFC-8F6C-A191CD865830}.ReleaseSim|x86.Build.0 = ReleaseSim|Win32
		{DEE1EDCD-2803-4AC8-ADC4-C8085E7F1509}.Debug|x64.ActiveCfg = Debug|x64
		{DEE1EDCD-2803-4AC8-ADC4-C8085E7F1509}.Debug|x64.Build.0 = Debug|x64
		{DEE1EDCD-2803-4AC8-ADC4-C8085E7F1509}.Debug|x86.ActiveCfg = Debug|Win32
		{DEE1EDCD-2803-4AC8-ADC4-C8085E7F1509}.Debug|x86.Build.0 = Debug|Win32
		{DEE1EDCD-2803-4AC8-ADC4-C8085E7F1509}.DebugSim|x64.ActiveCfg = DebugSim|x64
		{DEE1EDCD-2803-4AC8-ADC4-C8085E7F1509}.DebugSim|x64.Build.0 = DebugSim|x64
		{DEE1EDCD-2803-4AC8-ADC4-C8085E7F1509}.DebugSim|x86.ActiveCfg = DebugSim|Win32
		{DEE1EDCD-2803-4AC8-ADC4-C8085E7F1509}.DebugSim|x86.Build.0 = DebugSim|Win32
		{DEE1EDCD-2803-4AC8-ADC4-C8085E7F1509}.DebugSimTSN|x64.ActiveCfg = DebugSim|x64
		{DEE1EDCD-2803-4AC8-ADC4-C8085E7F1509}.DebugSimTSN|x64.Build.0 = DebugSim|x64
		{DEE1EDCD-2803-4AC8-ADC4-C8085E7F1509}.DebugSimTSN|x86.ActiveCfg = DebugSim|Win32
		{DEE1EDCD-2803-4AC8-ADC4-C8085E7F1509}.DebugSimTSN|x86.Build.0 = DebugSim|Win32
		{DEE1EDCD-2803-4AC8-ADC4-C8085E7F1509}.Release|x64.ActiveCfg = Release|x64
		{DEE1EDCD-2803-4AC8-ADC4-C8085E7F1509}.Release|x64.Build.0 = Release|x64
		{DEE1EDCD-2803-4AC8-ADC4-C8085E7F1509}.Release|x86.ActiveCfg = Release|Win32
		{DEE1EDCD-2803-4AC8-ADC4-C8085E7F1509}.Release|x86.Build.0 = Release|Win32
		{DEE1EDCD-2803-4AC8-ADC4-C8085E7F1509}.ReleaseSim|x64.ActiveCfg = ReleaseSim|x64
		{DEE1EDCD-2803-4AC8-ADC4-C8085E7F1509}.ReleaseSim|x64.Build.0 = ReleaseSim|x64
		{DEE1EDCD-2803-4AC8-ADC4-C8085E7F1509}.ReleaseSim|x86.ActiveCfg = ReleaseSim|Win32
		{DEE1EDCD-2803-4AC8-ADC4-C8085E7F1509}.ReleaseSim|x86.Build.0 = ReleaseSim|Win32
	EndGlobalSection
	GlobalSection(SolutionProperties) = preSolution
		HideSolutionNode = FALSE
	EndGlobalSection
	GlobalSection(ExtensibilityGlobals) = postSolution
		SolutionGuid = {F466FBA3-6574-44F1-BBF1-22BF438EC6B4}
	EndGlobalSection
EndGlobal
